// !$*UTF8*$!
{
	archiveVersion = 1;
	classes = {
	};
	objectVersion = 46;
	objects = {

/* Begin PBXBuildFile section */
		779069D11E718E2F00714E1A /* AppDelegate.swift in Sources */ = {isa = PBXBuildFile; fileRef = 779069D01E718E2F00714E1A /* AppDelegate.swift */; };
		779069D31E718E2F00714E1A /* ViewController.swift in Sources */ = {isa = PBXBuildFile; fileRef = 779069D21E718E2F00714E1A /* ViewController.swift */; };
		779069D61E718E2F00714E1A /* Main.storyboard in Resources */ = {isa = PBXBuildFile; fileRef = 779069D41E718E2F00714E1A /* Main.storyboard */; };
		779069D81E718E2F00714E1A /* Assets.xcassets in Resources */ = {isa = PBXBuildFile; fileRef = 779069D71E718E2F00714E1A /* Assets.xcassets */; };
		779069DB1E718E2F00714E1A /* LaunchScreen.storyboard in Resources */ = {isa = PBXBuildFile; fileRef = 779069D91E718E2F00714E1A /* LaunchScreen.storyboard */; };
/* End PBXBuildFile section */

/* Begin PBXFileReference section */
		779069CD1E718E2F00714E1A /* GoogleBooksTest.app */ = {isa = PBXFileReference; explicitFileType = wrapper.application; includeInIndex = 0; path = GoogleBooksTest.app; sourceTree = BUILT_PRODUCTS_DIR; };
		779069D01E718E2F00714E1A /* AppDelegate.swift */ = {isa = PBXFileReference; lastKnownFileType = sourcecode.swift; path = AppDelegate.swift; sourceTree = "<group>"; };
		779069D21E718E2F00714E1A /* ViewController.swift */ = {isa = PBXFileReference; lastKnownFileType = sourcecode.swift; path = ViewController.swift; sourceTree = "<group>"; };
		779069D51E718E2F00714E1A /* Base */ = {isa = PBXFileReference; lastKnownFileType = file.storyboard; name = Base; path = Base.lproj/Main.storyboard; sourceTree = "<group>"; };
		779069D71E718E2F00714E1A /* Assets.xcassets */ = {isa = PBXFileReference; lastKnownFileType = folder.assetcatalog; path = Assets.xcassets; sourceTree = "<group>"; };
		779069DA1E718E2F00714E1A /* Base */ = {isa = PBXFileReference; lastKnownFileType = file.storyboard; name = Base; path = Base.lproj/LaunchScreen.storyboard; sourceTree = "<group>"; };
		779069DC1E718E2F00714E1A /* Info.plist */ = {isa = PBXFileReference; lastKnownFileType = text.plist.xml; path = Info.plist; sourceTree = "<group>"; };
/* End PBXFileReference section */

/* Begin PBXFrameworksBuildPhase section */
		779069CA1E718E2F00714E1A /* Frameworks */ = {
			isa = PBXFrameworksBuildPhase;
			buildActionMask = 2147483647;
			files = (
			);
			runOnlyForDeploymentPostprocessing = 0;
		};
/* End PBXFrameworksBuildPhase section */

/* Begin PBXGroup section */
		779069C41E718E2E00714E1A = {
			isa = PBXGroup;
			children = (
				779069CF1E718E2F00714E1A /* GoogleBooksTest */,
				779069CE1E718E2F00714E1A /* Products */,
			);
			sourceTree = "<group>";
		};
		779069CE1E718E2F00714E1A /* Products */ = {
			isa = PBXGroup;
			children = (
				779069CD1E718E2F00714E1A /* GoogleBooksTest.app */,
			);
			name = Products;
			sourceTree = "<group>";
		};
		779069CF1E718E2F00714E1A /* GoogleBooksTest */ = {
			isa = PBXGroup;
			children = (
				779069D01E718E2F00714E1A /* AppDelegate.swift */,
				779069D21E718E2F00714E1A /* ViewController.swift */,
				779069D41E718E2F00714E1A /* Main.storyboard */,
				779069D71E718E2F00714E1A /* Assets.xcassets */,
				779069D91E718E2F00714E1A /* LaunchScreen.storyboard */,
				779069DC1E718E2F00714E1A /* Info.plist */,
			);
			path = GoogleBooksTest;
			sourceTree = "<group>";
		};
/* End PBXGroup section */

/* Begin PBXNativeTarget section */
		779069CC1E718E2F00714E1A /* GoogleBooksTest */ = {
			isa = PBXNativeTarget;
			buildConfigurationList = 779069DF1E718E2F00714E1A /* Build configuration list for PBXNativeTarget "GoogleBooksTest" */;
			buildPhases = (
				779069C91E718E2F00714E1A /* Sources */,
				779069CA1E718E2F00714E1A /* Frameworks */,
				779069CB1E718E2F00714E1A /* Resources */,
			);
			buildRules = (
			);
			dependencies = (
			);
			name = GoogleBooksTest;
			productName = GoogleBooksTest;
			productReference = 779069CD1E718E2F00714E1A /* GoogleBooksTest.app */;
			productType = "com.apple.product-type.application";
		};
/* End PBXNativeTarget section */

/* Begin PBXProject section */
		779069C51E718E2F00714E1A /* Project object */ = {
			isa = PBXProject;
			attributes = {
				LastSwiftUpdateCheck = 0820;
				LastUpgradeCheck = 0820;
				ORGANIZATIONNAME = MetalEaglE;
				TargetAttributes = {
					779069CC1E718E2F00714E1A = {
						CreatedOnToolsVersion = 8.2.1;
						DevelopmentTeam = 48K3XX9RX8;
						ProvisioningStyle = Automatic;
					};
				};
			};
			buildConfigurationList = 779069C81E718E2F00714E1A /* Build configuration list for PBXProject "GoogleBooksTest" */;
			compatibilityVersion = "Xcode 3.2";
			developmentRegion = English;
			hasScannedForEncodings = 0;
			knownRegions = (
				en,
				Base,
			);
			mainGroup = 779069C41E718E2E00714E1A;
			productRefGroup = 779069CE1E718E2F00714E1A /* Products */;
			projectDirPath = "";
			projectRoot = "";
			targets = (
				779069CC1E718E2F00714E1A /* GoogleBooksTest */,
			);
		};
/* End PBXProject section */

/* Begin PBXResourcesBuildPhase section */
		779069CB1E718E2F00714E1A /* Resources */ = {
			isa = PBXResourcesBuildPhase;
			buildActionMask = 2147483647;
			files = (
				779069DB1E718E2F00714E1A /* LaunchScreen.storyboard in Resources */,
				779069D81E718E2F00714E1A /* Assets.xcassets in Resources */,
				779069D61E718E2F00714E1A /* Main.storyboard in Resources */,
			);
			runOnlyForDeploymentPostprocessing = 0;
		};
/* End PBXResourcesBuildPhase section */

/* Begin PBXSourcesBuildPhase section */
		779069C91E718E2F00714E1A /* Sources */ = {
			isa = PBXSourcesBuildPhase;
			buildActionMask = 2147483647;
			files = (
				779069D31E718E2F00714E1A /* ViewController.swift in Sources */,
				779069D11E718E2F00714E1A /* AppDelegate.swift in Sources */,
			);
			runOnlyForDeploymentPostprocessing = 0;
		};
/* End PBXSourcesBuildPhase section */

/* Begin PBXVariantGroup section */
		779069D41E718E2F00714E1A /* Main.storyboard */ = {
			isa = PBXVariantGroup;
			children = (
				779069D51E718E2F00714E1A /* Base */,
			);
			name = Main.storyboard;
			sourceTree = "<group>";
		};
		779069D91E718E2F00714E1A /* LaunchScreen.storyboard */ = {
			isa = PBXVariantGroup;
			children = (
				779069DA1E718E2F00714E1A /* Base */,
			);
			name = LaunchScreen.storyboard;
			sourceTree = "<group>";
		};
/* End PBXVariantGroup section */

/* Begin XCBuildConfiguration section */
		779069DD1E718E2F00714E1A /* Debug */ = {
			isa = XCBuildConfiguration;
			buildSettings = {
				ALWAYS_SEARCH_USER_PATHS = NO;
				CLANG_ANALYZER_NONNULL = YES;
				CLANG_CXX_LANGUAGE_STANDARD = "gnu++0x";
				CLANG_CXX_LIBRARY = "libc++";
				CLANG_ENABLE_MODULES = YES;
				CLANG_ENABLE_OBJC_ARC = YES;
				CLANG_WARN_BOOL_CONVERSION = YES;
				CLANG_WARN_CONSTANT_CONVERSION = YES;
				CLANG_WARN_DIRECT_OBJC_ISA_USAGE = YES_ERROR;
				CLANG_WARN_DOCUMENTATION_COMMENTS = YES;
				CLANG_WARN_EMPTY_BODY = YES;
				CLANG_WARN_ENUM_CONVERSION = YES;
				CLANG_WARN_INFINITE_RECURSION = YES;
				CLANG_WARN_INT_CONVERSION = YES;
				CLANG_WARN_OBJC_ROOT_CLASS = YES_ERROR;
				CLANG_WARN_SUSPICIOUS_MOVE = YES;
				CLANG_WARN_UNREACHABLE_CODE = YES;
				CLANG_WARN__DUPLICATE_METHOD_MATCH = YES;
				"CODE_SIGN_IDENTITY[sdk=iphoneos*]" = "iPhone Developer";
				COPY_PHASE_STRIP = NO;
				DEBUG_INFORMATION_FORMAT = dwarf;
				ENABLE_STRICT_OBJC_MSGSEND = YES;
				ENABLE_TESTABILITY = YES;
				GCC_C_LANGUAGE_STANDARD = gnu99;
				GCC_DYNAMIC_NO_PIC = NO;
				GCC_NO_COMMON_BLOCKS = YES;
				GCC_OPTIMIZATION_LEVEL = 0;
				GCC_PREPROCESSOR_DEFINITIONS = (
					"DEBUG=1",
					"$(inherited)",
				);
				GCC_WARN_64_TO_32_BIT_CONVERSION = YES;
				GCC_WARN_ABOUT_RETURN_TYPE = YES_ERROR;
				GCC_WARN_UNDECLARED_SELECTOR = YES;
				GCC_WARN_UNINITIALIZED_AUTOS = YES_AGGRESSIVE;
				GCC_WARN_UNUSED_FUNCTION = YES;
				GCC_WARN_UNUSED_VARIABLE = YES;
				IPHONEOS_DEPLOYMENT_TARGET = 10.2;
				MTL_ENABLE_DEBUG_INFO = YES;
				ONLY_ACTIVE_ARCH = YES;
				SDKROOT = iphoneos;
				SWIFT_ACTIVE_COMPILATION_CONDITIONS = DEBUG;
				SWIFT_OPTIMIZATION_LEVEL = "-Onone";
			};
			name = Debug;
		};
		779069DE1E718E2F00714E1A /* Release */ = {
			isa = XCBuildConfiguration;
			buildSettings = {
				ALWAYS_SEARCH_USER_PATHS = NO;
				CLANG_ANALYZER_NONNULL = YES;
				CLANG_CXX_LANGUAGE_STANDARD = "gnu++0x";
				CLANG_CXX_LIBRARY = "libc++";
				CLANG_ENABLE_MODULES = YES;
				CLANG_ENABLE_OBJC_ARC = YES;
				CLANG_WARN_BOOL_CONVERSION = YES;
				CLANG_WARN_CONSTANT_CONVERSION = YES;
				CLANG_WARN_DIRECT_OBJC_ISA_USAGE = YES_ERROR;
				CLANG_WARN_DOCUMENTATION_COMMENTS = YES;
				CLANG_WARN_EMPTY_BODY = YES;
				CLANG_WARN_ENUM_CONVERSION = YES;
				CLANG_WARN_INFINITE_RECURSION = YES;
				CLANG_WARN_INT_CONVERSION = YES;
				CLANG_WARN_OBJC_ROOT_CLASS = YES_ERROR;
				CLANG_WARN_SUSPICIOUS_MOVE = YES;
				CLANG_WARN_UNREACHABLE_CODE = YES;
				CLANG_WARN__DUPLICATE_METHOD_MATCH = YES;
				"CODE_SIGN_IDENTITY[sdk=iphoneos*]" = "iPhone Developer";
				COPY_PHASE_STRIP = NO;
				DEBUG_INFORMATION_FORMAT = "dwarf-with-dsym";
				ENABLE_NS_ASSERTIONS = NO;
				ENABLE_STRICT_OBJC_MSGSEND = YES;
				GCC_C_LANGUAGE_STANDARD = gnu99;
				GCC_NO_COMMON_BLOCKS = YES;
				GCC_WARN_64_TO_32_BIT_CONVERSION = YES;
				GCC_WARN_ABOUT_RETURN_TYPE = YES_ERROR;
				GCC_WARN_UNDECLARED_SELECTOR = YES;
				GCC_WARN_UNINITIALIZED_AUTOS = YES_AGGRESSIVE;
				GCC_WARN_UNUSED_FUNCTION = YES;
				GCC_WARN_UNUSED_VARIABLE = YES;
				IPHONEOS_DEPLOYMENT_TARGET = 10.2;
				MTL_ENABLE_DEBUG_INFO = NO;
				SDKROOT = iphoneos;
				SWIFT_OPTIMIZATION_LEVEL = "-Owholemodule";
				VALIDATE_PRODUCT = YES;
			};
			name = Release;
		};
		779069E01E718E2F00714E1A /* Debug */ = {
			isa = XCBuildConfiguration;
			buildSettings = {
				ASSETCATALOG_COMPILER_APPICON_NAME = AppIcon;
				DEVELOPMENT_TEAM = 48K3XX9RX8;
				INFOPLIST_FILE = GoogleBooksTest/Info.plist;
				LD_RUNPATH_SEARCH_PATHS = "$(inherited) @executable_path/Frameworks";
				PRODUCT_BUNDLE_IDENTIFIER = net.metaleagle.GoogleBooksTest;
				PRODUCT_NAME = "$(TARGET_NAME)";
				SWIFT_VERSION = 3.0;
			};
			name = Debug;
		};
		779069E11E718E2F00714E1A /* Release */ = {
			isa = XCBuildConfiguration;
			buildSettings = {
				ASSETCATALOG_COMPILER_APPICON_NAME = AppIcon;
				DEVELOPMENT_TEAM = 48K3XX9RX8;
				INFOPLIST_FILE = GoogleBooksTest/Info.plist;
				LD_RUNPATH_SEARCH_PATHS = "$(inherited) @executable_path/Frameworks";
				PRODUCT_BUNDLE_IDENTIFIER = net.metaleagle.GoogleBooksTest;
				PRODUCT_NAME = "$(TARGET_NAME)";
				SWIFT_VERSION = 3.0;
			};
			name = Release;
		};
/* End XCBuildConfiguration section */

/* Begin XCConfigurationList section */
		779069C81E718E2F00714E1A /* Build configuration list for PBXProject "GoogleBooksTest" */ = {
			isa = XCConfigurationList;
			buildConfigurations = (
				779069DD1E718E2F00714E1A /* Debug */,
				779069DE1E718E2F00714E1A /* Release */,
			);
			defaultConfigurationIsVisible = 0;
			defaultConfigurationName = Release;
		};
		779069DF1E718E2F00714E1A /* Build configuration list for PBXNativeTarget "GoogleBooksTest" */ = {
			isa = XCConfigurationList;
			buildConfigurations = (
				779069E01E718E2F00714E1A /* Debug */,
				779069E11E718E2F00714E1A /* Release */,
			);
			defaultConfigurationIsVisible = 0;
		};
/* End XCConfigurationList section */
	};
	rootObject = 779069C51E718E2F00714E1A /* Project object */;
}
